
Microsoft Visual Studio Solution File, Format Version 12.00
# Visual Studio Version 17
VisualStudioVersion = 17.1.32228.430
MinimumVisualStudioVersion = 10.0.40219.1
Project("{9A19103F-16F7-4668-BE54-9A1E7A4F7556}") = "MarsRover.Services", "MarsRover.Services\MarsRover.Services.csproj", "{A6F84A30-9494-49AB-BAC0-04849E75BD8A}"
EndProject
Project("{9A19103F-16F7-4668-BE54-9A1E7A4F7556}") = "MarsRover.Entities", "MarsRover.Entities\MarsRover.Entities.csproj", "{CCCBC157-DB1C-4E62-A2EE-1589B8978949}"
EndProject
Project("{9A19103F-16F7-4668-BE54-9A1E7A4F7556}") = "MarsRover.Actions", "MarsRover.Actions\MarsRover.Actions.csproj", "{D28ED167-71D0-471B-9270-50A9CA79A2B3}"
EndProject
Project("{9A19103F-16F7-4668-BE54-9A1E7A4F7556}") = "MarsRover.App", "MarsRover.App\MarsRover.App.csproj", "{1BEFE2D3-E356-4568-BAE2-B48C00AB9A59}"
EndProject
Global
	GlobalSection(SolutionConfigurationPlatforms) = preSolution
		Debug|Any CPU = Debug|Any CPU
		Release|Any CPU = Release|Any CPU
	EndGlobalSection
	GlobalSection(ProjectConfigurationPlatforms) = postSolution
		{A6F84A30-9494-49AB-BAC0-04849E75BD8A}.Debug|Any CPU.ActiveCfg = Debug|Any CPU
		{A6F84A30-9494-49AB-BAC0-04849E75BD8A}.Debug|Any CPU.Build.0 = Debug|Any CPU
		{A6F84A30-9494-49AB-BAC0-04849E75BD8A}.Release|Any CPU.ActiveCfg = Release|Any CPU
		{A6F84A30-9494-49AB-BAC0-04849E75BD8A}.Release|Any CPU.Build.0 = Release|Any CPU
		{CCCBC157-DB1C-4E62-A2EE-1589B8978949}.Debug|Any CPU.ActiveCfg = Debug|Any CPU
		{CCCBC157-DB1C-4E62-A2EE-1589B8978949}.Debug|Any CPU.Build.0 = Debug|Any CPU
		{CCCBC157-DB1C-4E62-A2EE-1589B8978949}.Release|Any CPU.ActiveCfg = Release|Any CPU
		{CCCBC157-DB1C-4E62-A2EE-1589B8978949}.Release|Any CPU.Build.0 = Release|Any CPU
		{D28ED167-71D0-471B-9270-50A9CA79A2B3}.Debug|Any CPU.ActiveCfg = Debug|Any CPU
		{D28ED167-71D0-471B-9270-50A9CA79A2B3}.Debug|Any CPU.Build.0 = Debug|Any CPU
		{D28ED167-71D0-471B-9270-50A9CA79A2B3}.Release|Any CPU.ActiveCfg = Release|Any CPU
		{D28ED167-71D0-471B-9270-50A9CA79A2B3}.Release|Any CPU.Build.0 = Release|Any CPU
		{1BEFE2D3-E356-4568-BAE2-B48C00AB9A59}.Debug|Any CPU.ActiveCfg = Debug|Any CPU
		{1BEFE2D3-E356-4568-BAE2-B48C00AB9A59}.Debug|Any CPU.Build.0 = Debug|Any CPU
		{1BEFE2D3-E356-4568-BAE2-B48C00AB9A59}.Release|Any CPU.ActiveCfg = Release|Any CPU
		{1BEFE2D3-E356-4568-BAE2-B48C00AB9A59}.Release|Any CPU.Build.0 = Release|Any CPU
	EndGlobalSection
	GlobalSection(SolutionProperties) = preSolution
		HideSolutionNode = FALSE
	EndGlobalSection
	GlobalSection(ExtensibilityGlobals) = postSolution
		SolutionGuid = {0F3A351B-3EB7-433B-A589-517E0F702E0F}
	EndGlobalSection
EndGlobal
